
Microsoft Visual Studio Solution File, Format Version 10.00
# Visual Studio 2008
Project("{FAE04EC0-301F-11D3-BF4B-00C04F79EFBC}") = "UI", "UI\UI.csproj", "{71047DB3-B3B0-46F8-95D0-C9C483850699}"
EndProject
Project("{FAE04EC0-301F-11D3-BF4B-00C04F79EFBC}") = "Business", "Business\Business.csproj", "{845F9725-ADDA-4434-AD23-C3CCD288932D}"
EndProject
Project("{FAE04EC0-301F-11D3-BF4B-00C04F79EFBC}") = "Common", "Common\Common.csproj", "{EEE465F0-4C37-47D5-BE4B-09C94C003C68}"
EndProject
Global
	GlobalSection(SolutionConfigurationPlatforms) = preSolution
		Debug|Any CPU = Debug|Any CPU
		Release|Any CPU = Release|Any CPU
	EndGlobalSection
	GlobalSection(ProjectConfigurationPlatforms) = postSolution
		{71047DB3-B3B0-46F8-95D0-C9C483850699}.Debug|Any CPU.ActiveCfg = Debug|Any CPU
		{71047DB3-B3B0-46F8-95D0-C9C483850699}.Debug|Any CPU.Build.0 = Debug|Any CPU
		{71047DB3-B3B0-46F8-95D0-C9C483850699}.Release|Any CPU.ActiveCfg = Release|Any CPU
		{71047DB3-B3B0-46F8-95D0-C9C483850699}.Release|Any CPU.Build.0 = Release|Any CPU
		{845F9725-ADDA-4434-AD23-C3CCD288932D}.Debug|Any CPU.ActiveCfg = Debug|Any CPU
		{845F9725-ADDA-4434-AD23-C3CCD288932D}.Debug|Any CPU.Build.0 = Debug|Any CPU
		{845F9725-ADDA-4434-AD23-C3CCD288932D}.Release|Any CPU.ActiveCfg = Release|Any CPU
		{845F9725-ADDA-4434-AD23-C3CCD288932D}.Release|Any CPU.Build.0 = Release|Any CPU
		{EEE465F0-4C37-47D5-BE4B-09C94C003C68}.Debug|Any CPU.ActiveCfg = Debug|Any CPU
		{EEE465F0-4C37-47D5-BE4B-09C94C003C68}.Debug|Any CPU.Build.0 = Debug|Any CPU
		{EEE465F0-4C37-47D5-BE4B-09C94C003C68}.Release|Any CPU.ActiveCfg = Release|Any CPU
		{EEE465F0-4C37-47D5-BE4B-09C94C003C68}.Release|Any CPU.Build.0 = Release|Any CPU
	EndGlobalSection
	GlobalSection(SolutionProperties) = preSolution
		HideSolutionNode = FALSE
	EndGlobalSection
EndGlobal
