
Microsoft Visual Studio Solution File, Format Version 11.00
# Visual Studio 2010
Project("{FAE04EC0-301F-11D3-BF4B-00C04F79EFBC}") = "Noughts_and_crosses", "Noughts_and_crosses\Noughts_and_crosses.csproj", "{E887E250-9AE1-4850-9801-DD721F72C600}"
EndProject
Project("{FAE04EC0-301F-11D3-BF4B-00C04F79EFBC}") = "GameAbstraction", "GameAbstraction\GameAbstraction.csproj", "{1DDD3896-7788-4232-8885-B90A5466641C}"
EndProject
Global
	GlobalSection(SolutionConfigurationPlatforms) = preSolution
		Debug|Any CPU = Debug|Any CPU
		Release|Any CPU = Release|Any CPU
	EndGlobalSection
	GlobalSection(ProjectConfigurationPlatforms) = postSolution
		{E887E250-9AE1-4850-9801-DD721F72C600}.Debug|Any CPU.ActiveCfg = Debug|Any CPU
		{E887E250-9AE1-4850-9801-DD721F72C600}.Debug|Any CPU.Build.0 = Debug|Any CPU
		{E887E250-9AE1-4850-9801-DD721F72C600}.Release|Any CPU.ActiveCfg = Release|Any CPU
		{E887E250-9AE1-4850-9801-DD721F72C600}.Release|Any CPU.Build.0 = Release|Any CPU
		{1DDD3896-7788-4232-8885-B90A5466641C}.Debug|Any CPU.ActiveCfg = Debug|Any CPU
		{1DDD3896-7788-4232-8885-B90A5466641C}.Debug|Any CPU.Build.0 = Debug|Any CPU
		{1DDD3896-7788-4232-8885-B90A5466641C}.Release|Any CPU.ActiveCfg = Release|Any CPU
		{1DDD3896-7788-4232-8885-B90A5466641C}.Release|Any CPU.Build.0 = Release|Any CPU
	EndGlobalSection
	GlobalSection(SolutionProperties) = preSolution
		HideSolutionNode = FALSE
	EndGlobalSection
EndGlobal
