
Microsoft Visual Studio Solution File, Format Version 9.00
# Visual Studio 2005
Project("{FAE04EC0-301F-11D3-BF4B-00C04F79EFBC}") = "CellPhoneApp", "CellPhoneApp\CellPhoneApp.csproj", "{51D34162-D46D-4D69-BE02-E936F5C7A638}"
EndProject
Project("{FAE04EC0-301F-11D3-BF4B-00C04F79EFBC}") = "CellPhone", "CellPhone\CellPhone.csproj", "{AC28529B-67CA-4C6F-A054-EF0D09822077}"
EndProject
Global
	GlobalSection(SolutionConfigurationPlatforms) = preSolution
		Debug|Any CPU = Debug|Any CPU
		Release|Any CPU = Release|Any CPU
	EndGlobalSection
	GlobalSection(ProjectConfigurationPlatforms) = postSolution
		{51D34162-D46D-4D69-BE02-E936F5C7A638}.Debug|Any CPU.ActiveCfg = Debug|Any CPU
		{51D34162-D46D-4D69-BE02-E936F5C7A638}.Debug|Any CPU.Build.0 = Debug|Any CPU
		{51D34162-D46D-4D69-BE02-E936F5C7A638}.Release|Any CPU.ActiveCfg = Release|Any CPU
		{51D34162-D46D-4D69-BE02-E936F5C7A638}.Release|Any CPU.Build.0 = Release|Any CPU
		{AC28529B-67CA-4C6F-A054-EF0D09822077}.Debug|Any CPU.ActiveCfg = Debug|Any CPU
		{AC28529B-67CA-4C6F-A054-EF0D09822077}.Debug|Any CPU.Build.0 = Debug|Any CPU
		{AC28529B-67CA-4C6F-A054-EF0D09822077}.Release|Any CPU.ActiveCfg = Release|Any CPU
		{AC28529B-67CA-4C6F-A054-EF0D09822077}.Release|Any CPU.Build.0 = Release|Any CPU
	EndGlobalSection
	GlobalSection(SolutionProperties) = preSolution
		HideSolutionNode = FALSE
	EndGlobalSection
EndGlobal
